
Microsoft Visual Studio Solution File, Format Version 12.00
# Visual Studio 14
VisualStudioVersion = 14.0.23107.0
MinimumVisualStudioVersion = 10.0.40219.1
Project("{FAE04EC0-301F-11D3-BF4B-00C04F79EFBC}") = "Founder.Consumer", "Founder.Consumer\Founder.Consumer.csproj", "{40BD31D7-0A22-461E-8413-4D00332AEAE7}"
EndProject
Project("{FAE04EC0-301F-11D3-BF4B-00C04F79EFBC}") = "Founder.MQ", "Founder.MQ\Founder.MQ.csproj", "{3B6EC913-6BA8-489D-81C9-2B2ED6F0A3F4}"
EndProject
Project("{FAE04EC0-301F-11D3-BF4B-00C04F79EFBC}") = "Founder.Producer", "Founder.Producer\Founder.Producer.csproj", "{8C1619B4-8FAC-44FF-8142-E04560E73094}"
EndProject
Global
	GlobalSection(SolutionConfigurationPlatforms) = preSolution
		Debug|Any CPU = Debug|Any CPU
		Release|Any CPU = Release|Any CPU
	EndGlobalSection
	GlobalSection(ProjectConfigurationPlatforms) = postSolution
		{40BD31D7-0A22-461E-8413-4D00332AEAE7}.Debug|Any CPU.ActiveCfg = Debug|Any CPU
		{40BD31D7-0A22-461E-8413-4D00332AEAE7}.Debug|Any CPU.Build.0 = Debug|Any CPU
		{40BD31D7-0A22-461E-8413-4D00332AEAE7}.Release|Any CPU.ActiveCfg = Release|Any CPU
		{40BD31D7-0A22-461E-8413-4D00332AEAE7}.Release|Any CPU.Build.0 = Release|Any CPU
		{3B6EC913-6BA8-489D-81C9-2B2ED6F0A3F4}.Debug|Any CPU.ActiveCfg = Debug|Any CPU
		{3B6EC913-6BA8-489D-81C9-2B2ED6F0A3F4}.Debug|Any CPU.Build.0 = Debug|Any CPU
		{3B6EC913-6BA8-489D-81C9-2B2ED6F0A3F4}.Release|Any CPU.ActiveCfg = Release|Any CPU
		{3B6EC913-6BA8-489D-81C9-2B2ED6F0A3F4}.Release|Any CPU.Build.0 = Release|Any CPU
		{8C1619B4-8FAC-44FF-8142-E04560E73094}.Debug|Any CPU.ActiveCfg = Debug|Any CPU
		{8C1619B4-8FAC-44FF-8142-E04560E73094}.Debug|Any CPU.Build.0 = Debug|Any CPU
		{8C1619B4-8FAC-44FF-8142-E04560E73094}.Release|Any CPU.ActiveCfg = Release|Any CPU
		{8C1619B4-8FAC-44FF-8142-E04560E73094}.Release|Any CPU.Build.0 = Release|Any CPU
	EndGlobalSection
	GlobalSection(SolutionProperties) = preSolution
		HideSolutionNode = FALSE
	EndGlobalSection
EndGlobal
